
Microsoft Visual Studio Solution File, Format Version 12.00
Project("{2150E333-8FDC-42A3-9474-1A3956D46DE8}") = "src", "src", "{464FBEF5-04C9-4E2C-95DB-66B8732AF1EF}"
EndProject
Project("{FAE04EC0-301F-11D3-BF4B-00C04F79EFBC}") = "Tossit.Core", "src\Tossit.Core\Tossit.Core.csproj", "{04DB4957-6E52-4F4D-95AA-CF341F82ABBC}"
EndProject
Project("{FAE04EC0-301F-11D3-BF4B-00C04F79EFBC}") = "Tossit.WorkQueue", "src\Tossit.WorkQueue\Tossit.WorkQueue.csproj", "{FDF54AB0-97A4-47E2-AB3A-2EF80BCD8DEA}"
EndProject
Project("{FAE04EC0-301F-11D3-BF4B-00C04F79EFBC}") = "Tossit.RabbitMQ", "src\Tossit.RabbitMQ\Tossit.RabbitMQ.csproj", "{4C0AB911-C4C4-4F29-966B-403A2D71A033}"
EndProject
Project("{2150E333-8FDC-42A3-9474-1A3956D46DE8}") = "test", "test", "{3EFEBFF9-0E72-478A-9786-8043E0C34A7A}"
EndProject
Project("{FAE04EC0-301F-11D3-BF4B-00C04F79EFBC}") = "Tossit.Core.Tests", "test\Tossit.Core.Tests\Tossit.Core.Tests.csproj", "{45A0E26B-C990-462A-B07A-4673553421AB}"
EndProject
Project("{FAE04EC0-301F-11D3-BF4B-00C04F79EFBC}") = "Tossit.RabbitMQ.Tests", "test\Tossit.RabbitMQ.Tests\Tossit.RabbitMQ.Tests.csproj", "{9B87FC5D-F85B-4F48-8EDD-A540C4D6B71C}"
EndProject
Project("{FAE04EC0-301F-11D3-BF4B-00C04F79EFBC}") = "Tossit.WorkQueue.Tests", "test\Tossit.WorkQueue.Tests\Tossit.WorkQueue.Tests.csproj", "{300BFE9C-DB65-4641-89E7-E6CEE87C2B61}"
EndProject
Project("{2150E333-8FDC-42A3-9474-1A3956D46DE8}") = "samples", "samples", "{107B1335-E2E2-42CA-8346-3A233820BD75}"
EndProject
Project("{FAE04EC0-301F-11D3-BF4B-00C04F79EFBC}") = "Tossit.Job.Api", "samples\Tossit.Job.Api\Tossit.Job.Api.csproj", "{F413D66B-03AB-48EB-9BB8-CE1C451D94AE}"
EndProject
Project("{FAE04EC0-301F-11D3-BF4B-00C04F79EFBC}") = "Tossit.Worker.Api", "samples\Tossit.Worker.Api\Tossit.Worker.Api.csproj", "{6FE8F702-7A30-47C7-9F93-3CC9DA9CB5BF}"
EndProject
Global
	GlobalSection(SolutionConfigurationPlatforms) = preSolution
		Debug|Any CPU = Debug|Any CPU
		Release|Any CPU = Release|Any CPU
	EndGlobalSection
	GlobalSection(ProjectConfigurationPlatforms) = postSolution
		{04DB4957-6E52-4F4D-95AA-CF341F82ABBC}.Debug|Any CPU.ActiveCfg = Debug|Any CPU
		{04DB4957-6E52-4F4D-95AA-CF341F82ABBC}.Debug|Any CPU.Build.0 = Debug|Any CPU
		{04DB4957-6E52-4F4D-95AA-CF341F82ABBC}.Release|Any CPU.ActiveCfg = Release|Any CPU
		{04DB4957-6E52-4F4D-95AA-CF341F82ABBC}.Release|Any CPU.Build.0 = Release|Any CPU
		{FDF54AB0-97A4-47E2-AB3A-2EF80BCD8DEA}.Debug|Any CPU.ActiveCfg = Debug|Any CPU
		{FDF54AB0-97A4-47E2-AB3A-2EF80BCD8DEA}.Debug|Any CPU.Build.0 = Debug|Any CPU
		{FDF54AB0-97A4-47E2-AB3A-2EF80BCD8DEA}.Release|Any CPU.ActiveCfg = Release|Any CPU
		{FDF54AB0-97A4-47E2-AB3A-2EF80BCD8DEA}.Release|Any CPU.Build.0 = Release|Any CPU
		{4C0AB911-C4C4-4F29-966B-403A2D71A033}.Debug|Any CPU.ActiveCfg = Debug|Any CPU
		{4C0AB911-C4C4-4F29-966B-403A2D71A033}.Debug|Any CPU.Build.0 = Debug|Any CPU
		{4C0AB911-C4C4-4F29-966B-403A2D71A033}.Release|Any CPU.ActiveCfg = Release|Any CPU
		{4C0AB911-C4C4-4F29-966B-403A2D71A033}.Release|Any CPU.Build.0 = Release|Any CPU
		{45A0E26B-C990-462A-B07A-4673553421AB}.Debug|Any CPU.ActiveCfg = Debug|Any CPU
		{45A0E26B-C990-462A-B07A-4673553421AB}.Debug|Any CPU.Build.0 = Debug|Any CPU
		{45A0E26B-C990-462A-B07A-4673553421AB}.Release|Any CPU.ActiveCfg = Release|Any CPU
		{45A0E26B-C990-462A-B07A-4673553421AB}.Release|Any CPU.Build.0 = Release|Any CPU
		{9B87FC5D-F85B-4F48-8EDD-A540C4D6B71C}.Debug|Any CPU.ActiveCfg = Debug|Any CPU
		{9B87FC5D-F85B-4F48-8EDD-A540C4D6B71C}.Debug|Any CPU.Build.0 = Debug|Any CPU
		{9B87FC5D-F85B-4F48-8EDD-A540C4D6B71C}.Release|Any CPU.ActiveCfg = Release|Any CPU
		{9B87FC5D-F85B-4F48-8EDD-A540C4D6B71C}.Release|Any CPU.Build.0 = Release|Any CPU
		{300BFE9C-DB65-4641-89E7-E6CEE87C2B61}.Debug|Any CPU.ActiveCfg = Debug|Any CPU
		{300BFE9C-DB65-4641-89E7-E6CEE87C2B61}.Debug|Any CPU.Build.0 = Debug|Any CPU
		{300BFE9C-DB65-4641-89E7-E6CEE87C2B61}.Release|Any CPU.ActiveCfg = Release|Any CPU
		{300BFE9C-DB65-4641-89E7-E6CEE87C2B61}.Release|Any CPU.Build.0 = Release|Any CPU
		{F413D66B-03AB-48EB-9BB8-CE1C451D94AE}.Debug|Any CPU.ActiveCfg = Debug|Any CPU
		{F413D66B-03AB-48EB-9BB8-CE1C451D94AE}.Debug|Any CPU.Build.0 = Debug|Any CPU
		{F413D66B-03AB-48EB-9BB8-CE1C451D94AE}.Release|Any CPU.ActiveCfg = Release|Any CPU
		{F413D66B-03AB-48EB-9BB8-CE1C451D94AE}.Release|Any CPU.Build.0 = Release|Any CPU
		{6FE8F702-7A30-47C7-9F93-3CC9DA9CB5BF}.Debug|Any CPU.ActiveCfg = Debug|Any CPU
		{6FE8F702-7A30-47C7-9F93-3CC9DA9CB5BF}.Debug|Any CPU.Build.0 = Debug|Any CPU
		{6FE8F702-7A30-47C7-9F93-3CC9DA9CB5BF}.Release|Any CPU.ActiveCfg = Release|Any CPU
		{6FE8F702-7A30-47C7-9F93-3CC9DA9CB5BF}.Release|Any CPU.Build.0 = Release|Any CPU
	EndGlobalSection
	GlobalSection(NestedProjects) = preSolution
		{FDF54AB0-97A4-47E2-AB3A-2EF80BCD8DEA} = {464FBEF5-04C9-4E2C-95DB-66B8732AF1EF}
		{4C0AB911-C4C4-4F29-966B-403A2D71A033} = {464FBEF5-04C9-4E2C-95DB-66B8732AF1EF}
		{04DB4957-6E52-4F4D-95AA-CF341F82ABBC} = {464FBEF5-04C9-4E2C-95DB-66B8732AF1EF}
		{45A0E26B-C990-462A-B07A-4673553421AB} = {3EFEBFF9-0E72-478A-9786-8043E0C34A7A}
		{9B87FC5D-F85B-4F48-8EDD-A540C4D6B71C} = {3EFEBFF9-0E72-478A-9786-8043E0C34A7A}
		{300BFE9C-DB65-4641-89E7-E6CEE87C2B61} = {3EFEBFF9-0E72-478A-9786-8043E0C34A7A}
		{F413D66B-03AB-48EB-9BB8-CE1C451D94AE} = {107B1335-E2E2-42CA-8346-3A233820BD75}
		{6FE8F702-7A30-47C7-9F93-3CC9DA9CB5BF} = {107B1335-E2E2-42CA-8346-3A233820BD75}
	EndGlobalSection
EndGlobal
